
Microsoft Visual Studio Solution File, Format Version 12.00
# Visual Studio 15
VisualStudioVersion = 15.0.28307.271
MinimumVisualStudioVersion = 10.0.40219.1
Project("{FAE04EC0-301F-11D3-BF4B-00C04F79EFBC}") = "FirstTaskIntegrationTests", "FirstTaskIntegrationTests\FirstTaskIntegrationTests.csproj", "{EF45EC0F-292E-490A-9AC9-01472A638E6A}"
EndProject
Project("{FAE04EC0-301F-11D3-BF4B-00C04F79EFBC}") = "SecondTaskSeleniumTests", "SecondTaskSeleniumTests\SecondTaskSeleniumTests.csproj", "{89CAFA4E-C0E8-40AC-8CB7-EA943FA651F5}"
EndProject
Project("{FAE04EC0-301F-11D3-BF4B-00C04F79EFBC}") = "ThirdTaskSeleniumTests", "ThirdTaskSeleniumTests\ThirdTaskSeleniumTests.csproj", "{4F7241F2-DB9C-40FB-BF7D-01571C89F093}"
EndProject
Global
	GlobalSection(SolutionConfigurationPlatforms) = preSolution
		Debug|Any CPU = Debug|Any CPU
		Release|Any CPU = Release|Any CPU
	EndGlobalSection
	GlobalSection(ProjectConfigurationPlatforms) = postSolution
		{EF45EC0F-292E-490A-9AC9-01472A638E6A}.Debug|Any CPU.ActiveCfg = Debug|Any CPU
		{EF45EC0F-292E-490A-9AC9-01472A638E6A}.Debug|Any CPU.Build.0 = Debug|Any CPU
		{EF45EC0F-292E-490A-9AC9-01472A638E6A}.Release|Any CPU.ActiveCfg = Release|Any CPU
		{EF45EC0F-292E-490A-9AC9-01472A638E6A}.Release|Any CPU.Build.0 = Release|Any CPU
		{89CAFA4E-C0E8-40AC-8CB7-EA943FA651F5}.Debug|Any CPU.ActiveCfg = Debug|Any CPU
		{89CAFA4E-C0E8-40AC-8CB7-EA943FA651F5}.Debug|Any CPU.Build.0 = Debug|Any CPU
		{89CAFA4E-C0E8-40AC-8CB7-EA943FA651F5}.Release|Any CPU.ActiveCfg = Release|Any CPU
		{89CAFA4E-C0E8-40AC-8CB7-EA943FA651F5}.Release|Any CPU.Build.0 = Release|Any CPU
		{4F7241F2-DB9C-40FB-BF7D-01571C89F093}.Debug|Any CPU.ActiveCfg = Debug|Any CPU
		{4F7241F2-DB9C-40FB-BF7D-01571C89F093}.Debug|Any CPU.Build.0 = Debug|Any CPU
		{4F7241F2-DB9C-40FB-BF7D-01571C89F093}.Release|Any CPU.ActiveCfg = Release|Any CPU
		{4F7241F2-DB9C-40FB-BF7D-01571C89F093}.Release|Any CPU.Build.0 = Release|Any CPU
	EndGlobalSection
	GlobalSection(SolutionProperties) = preSolution
		HideSolutionNode = FALSE
	EndGlobalSection
	GlobalSection(ExtensibilityGlobals) = postSolution
		SolutionGuid = {03421EB7-CFC7-419A-B733-32FA92DC11B1}
	EndGlobalSection
EndGlobal
